
Microsoft Visual Studio Solution File, Format Version 12.00
Project("{FAE04EC0-301F-11D3-BF4B-00C04F79EFBC}") = "Imagine.Api", "src\Imagine.Api\Imagine.Api.csproj", "{A7E06593-6203-48D1-B2DB-A233FF5263AF}"
EndProject
Project("{FAE04EC0-301F-11D3-BF4B-00C04F79EFBC}") = "Imagine.Core", "src\Imagine.Core\Imagine.Core.csproj", "{ECAA46C0-CE90-4CE4-9EE0-C45C012B0E0F}"
EndProject
Project("{FAE04EC0-301F-11D3-BF4B-00C04F79EFBC}") = "Imagine.Infrastructure", "src\Imagine.Infrastructure\Imagine.Infrastructure.csproj", "{E0A6BA45-9B94-4813-8C11-5827E1497C1A}"
EndProject
Global
	GlobalSection(SolutionConfigurationPlatforms) = preSolution
		Debug|Any CPU = Debug|Any CPU
		Release|Any CPU = Release|Any CPU
	EndGlobalSection
	GlobalSection(ProjectConfigurationPlatforms) = postSolution
		{A7E06593-6203-48D1-B2DB-A233FF5263AF}.Debug|Any CPU.ActiveCfg = Debug|Any CPU
		{A7E06593-6203-48D1-B2DB-A233FF5263AF}.Debug|Any CPU.Build.0 = Debug|Any CPU
		{A7E06593-6203-48D1-B2DB-A233FF5263AF}.Release|Any CPU.ActiveCfg = Release|Any CPU
		{A7E06593-6203-48D1-B2DB-A233FF5263AF}.Release|Any CPU.Build.0 = Release|Any CPU
		{ECAA46C0-CE90-4CE4-9EE0-C45C012B0E0F}.Debug|Any CPU.ActiveCfg = Debug|Any CPU
		{ECAA46C0-CE90-4CE4-9EE0-C45C012B0E0F}.Debug|Any CPU.Build.0 = Debug|Any CPU
		{ECAA46C0-CE90-4CE4-9EE0-C45C012B0E0F}.Release|Any CPU.ActiveCfg = Release|Any CPU
		{ECAA46C0-CE90-4CE4-9EE0-C45C012B0E0F}.Release|Any CPU.Build.0 = Release|Any CPU
		{E0A6BA45-9B94-4813-8C11-5827E1497C1A}.Debug|Any CPU.ActiveCfg = Debug|Any CPU
		{E0A6BA45-9B94-4813-8C11-5827E1497C1A}.Debug|Any CPU.Build.0 = Debug|Any CPU
		{E0A6BA45-9B94-4813-8C11-5827E1497C1A}.Release|Any CPU.ActiveCfg = Release|Any CPU
		{E0A6BA45-9B94-4813-8C11-5827E1497C1A}.Release|Any CPU.Build.0 = Release|Any CPU
	EndGlobalSection
EndGlobal
